// !$*UTF8*$!
{
	archiveVersion = 1;
	classes = {
	};
	objectVersion = 46;
	objects = {

/* Begin PBXBuildFile section */
		43CB0C8A19E1893D00B2012E /* Foundation.framework in Frameworks */ = {isa = PBXBuildFile; fileRef = 43CB0C8919E1893D00B2012E /* Foundation.framework */; };
		43CB0C8C19E1893D00B2012E /* CoreGraphics.framework in Frameworks */ = {isa = PBXBuildFile; fileRef = 43CB0C8B19E1893D00B2012E /* CoreGraphics.framework */; };
		43CB0C8E19E1893D00B2012E /* UIKit.framework in Frameworks */ = {isa = PBXBuildFile; fileRef = 43CB0C8D19E1893D00B2012E /* UIKit.framework */; };
		43CB0C9419E1893D00B2012E /* InfoPlist.strings in Resources */ = {isa = PBXBuildFile; fileRef = 43CB0C9219E1893D00B2012E /* InfoPlist.strings */; };
		43CB0C9619E1893D00B2012E /* main.m in Sources */ = {isa = PBXBuildFile; fileRef = 43CB0C9519E1893D00B2012E /* main.m */; };
		43CB0C9A19E1893D00B2012E /* AppDelegate.m in Sources */ = {isa = PBXBuildFile; fileRef = 43CB0C9919E1893D00B2012E /* AppDelegate.m */; };
		43CB0C9D19E1893D00B2012E /* Main.storyboard in Resources */ = {isa = PBXBuildFile; fileRef = 43CB0C9B19E1893D00B2012E /* Main.storyboard */; };
		43CB0CA019E1893D00B2012E /* ViewController.m in Sources */ = {isa = PBXBuildFile; fileRef = 43CB0C9F19E1893D00B2012E /* ViewController.m */; };
		43CB0CA219E1893D00B2012E /* Images.xcassets in Resources */ = {isa = PBXBuildFile; fileRef = 43CB0CA119E1893D00B2012E /* Images.xcassets */; };
		43CB0CA919E1893D00B2012E /* XCTest.framework in Frameworks */ = {isa = PBXBuildFile; fileRef = 43CB0CA819E1893D00B2012E /* XCTest.framework */; };
		43CB0CAA19E1893D00B2012E /* Foundation.framework in Frameworks */ = {isa = PBXBuildFile; fileRef = 43CB0C8919E1893D00B2012E /* Foundation.framework */; };
		43CB0CAB19E1893D00B2012E /* UIKit.framework in Frameworks */ = {isa = PBXBuildFile; fileRef = 43CB0C8D19E1893D00B2012E /* UIKit.framework */; };
		43CB0CB319E1893D00B2012E /* InfoPlist.strings in Resources */ = {isa = PBXBuildFile; fileRef = 43CB0CB119E1893D00B2012E /* InfoPlist.strings */; };
		43CB0CB519E1893D00B2012E /* CustomButtonsTests.m in Sources */ = {isa = PBXBuildFile; fileRef = 43CB0CB419E1893D00B2012E /* CustomButtonsTests.m */; };
/* End PBXBuildFile section */

/* Begin PBXContainerItemProxy section */
		43CB0CAC19E1893D00B2012E /* PBXContainerItemProxy */ = {
			isa = PBXContainerItemProxy;
			containerPortal = 43CB0C7E19E1893D00B2012E /* Project object */;
			proxyType = 1;
			remoteGlobalIDString = 43CB0C8519E1893D00B2012E;
			remoteInfo = CustomButtons;
		};
/* End PBXContainerItemProxy section */

/* Begin PBXFileReference section */
		43CB0C8619E1893D00B2012E /* CustomButtons.app */ = {isa = PBXFileReference; explicitFileType = wrapper.application; includeInIndex = 0; path = CustomButtons.app; sourceTree = BUILT_PRODUCTS_DIR; };
		43CB0C8919E1893D00B2012E /* Foundation.framework */ = {isa = PBXFileReference; lastKnownFileType = wrapper.framework; name = Foundation.framework; path = System/Library/Frameworks/Foundation.framework; sourceTree = SDKROOT; };
		43CB0C8B19E1893D00B2012E /* CoreGraphics.framework */ = {isa = PBXFileReference; lastKnownFileType = wrapper.framework; name = CoreGraphics.framework; path = System/Library/Frameworks/CoreGraphics.framework; sourceTree = SDKROOT; };
		43CB0C8D19E1893D00B2012E /* UIKit.framework */ = {isa = PBXFileReference; lastKnownFileType = wrapper.framework; name = UIKit.framework; path = System/Library/Frameworks/UIKit.framework; sourceTree = SDKROOT; };
		43CB0C9119E1893D00B2012E /* CustomButtons-Info.plist */ = {isa = PBXFileReference; lastKnownFileType = text.plist.xml; path = "CustomButtons-Info.plist"; sourceTree = "<group>"; };
		43CB0C9319E1893D00B2012E /* en */ = {isa = PBXFileReference; lastKnownFileType = text.plist.strings; name = en; path = en.lproj/InfoPlist.strings; sourceTree = "<group>"; };
		43CB0C9519E1893D00B2012E /* main.m */ = {isa = PBXFileReference; lastKnownFileType = sourcecode.c.objc; path = main.m; sourceTree = "<group>"; };
		43CB0C9719E1893D00B2012E /* CustomButtons-Prefix.pch */ = {isa = PBXFileReference; lastKnownFileType = sourcecode.c.h; path = "CustomButtons-Prefix.pch"; sourceTree = "<group>"; };
		43CB0C9819E1893D00B2012E /* AppDelegate.h */ = {isa = PBXFileReference; lastKnownFileType = sourcecode.c.h; path = AppDelegate.h; sourceTree = "<group>"; };
		43CB0C9919E1893D00B2012E /* AppDelegate.m */ = {isa = PBXFileReference; lastKnownFileType = sourcecode.c.objc; path = AppDelegate.m; sourceTree = "<group>"; };
		43CB0C9C19E1893D00B2012E /* Base */ = {isa = PBXFileReference; lastKnownFileType = file.storyboard; name = Base; path = Base.lproj/Main.storyboard; sourceTree = "<group>"; };
		43CB0C9E19E1893D00B2012E /* ViewController.h */ = {isa = PBXFileReference; lastKnownFileType = sourcecode.c.h; path = ViewController.h; sourceTree = "<group>"; };
		43CB0C9F19E1893D00B2012E /* ViewController.m */ = {isa = PBXFileReference; lastKnownFileType = sourcecode.c.objc; path = ViewController.m; sourceTree = "<group>"; };
		43CB0CA119E1893D00B2012E /* Images.xcassets */ = {isa = PBXFileReference; lastKnownFileType = folder.assetcatalog; path = Images.xcassets; sourceTree = "<group>"; };
		43CB0CA719E1893D00B2012E /* CustomButtonsTests.xctest */ = {isa = PBXFileReference; explicitFileType = wrapper.cfbundle; includeInIndex = 0; path = CustomButtonsTests.xctest; sourceTree = BUILT_PRODUCTS_DIR; };
		43CB0CA819E1893D00B2012E /* XCTest.framework */ = {isa = PBXFileReference; lastKnownFileType = wrapper.framework; name = XCTest.framework; path = Library/Frameworks/XCTest.framework; sourceTree = DEVELOPER_DIR; };
		43CB0CB019E1893D00B2012E /* CustomButtonsTests-Info.plist */ = {isa = PBXFileReference; lastKnownFileType = text.plist.xml; path = "CustomButtonsTests-Info.plist"; sourceTree = "<group>"; };
		43CB0CB219E1893D00B2012E /* en */ = {isa = PBXFileReference; lastKnownFileType = text.plist.strings; name = en; path = en.lproj/InfoPlist.strings; sourceTree = "<group>"; };
		43CB0CB419E1893D00B2012E /* CustomButtonsTests.m */ = {isa = PBXFileReference; lastKnownFileType = sourcecode.c.objc; path = CustomButtonsTests.m; sourceTree = "<group>"; };
/* End PBXFileReference section */

/* Begin PBXFrameworksBuildPhase section */
		43CB0C8319E1893D00B2012E /* Frameworks */ = {
			isa = PBXFrameworksBuildPhase;
			buildActionMask = 2147483647;
			files = (
				43CB0C8C19E1893D00B2012E /* CoreGraphics.framework in Frameworks */,
				43CB0C8E19E1893D00B2012E /* UIKit.framework in Frameworks */,
				43CB0C8A19E1893D00B2012E /* Foundation.framework in Frameworks */,
			);
			runOnlyForDeploymentPostprocessing = 0;
		};
		43CB0CA419E1893D00B2012E /* Frameworks */ = {
			isa = PBXFrameworksBuildPhase;
			buildActionMask = 2147483647;
			files = (
				43CB0CA919E1893D00B2012E /* XCTest.framework in Frameworks */,
				43CB0CAB19E1893D00B2012E /* UIKit.framework in Frameworks */,
				43CB0CAA19E1893D00B2012E /* Foundation.framework in Frameworks */,
			);
			runOnlyForDeploymentPostprocessing = 0;
		};
/* End PBXFrameworksBuildPhase section */

/* Begin PBXGroup section */
		43CB0C7D19E1893D00B2012E = {
			isa = PBXGroup;
			children = (
				43CB0C8F19E1893D00B2012E /* CustomButtons */,
				43CB0CAE19E1893D00B2012E /* CustomButtonsTests */,
				43CB0C8819E1893D00B2012E /* Frameworks */,
				43CB0C8719E1893D00B2012E /* Products */,
			);
			sourceTree = "<group>";
		};
		43CB0C8719E1893D00B2012E /* Products */ = {
			isa = PBXGroup;
			children = (
				43CB0C8619E1893D00B2012E /* CustomButtons.app */,
				43CB0CA719E1893D00B2012E /* CustomButtonsTests.xctest */,
			);
			name = Products;
			sourceTree = "<group>";
		};
		43CB0C8819E1893D00B2012E /* Frameworks */ = {
			isa = PBXGroup;
			children = (
				43CB0C8919E1893D00B2012E /* Foundation.framework */,
				43CB0C8B19E1893D00B2012E /* CoreGraphics.framework */,
				43CB0C8D19E1893D00B2012E /* UIKit.framework */,
				43CB0CA819E1893D00B2012E /* XCTest.framework */,
			);
			name = Frameworks;
			sourceTree = "<group>";
		};
		43CB0C8F19E1893D00B2012E /* CustomButtons */ = {
			isa = PBXGroup;
			children = (
				43CB0C9819E1893D00B2012E /* AppDelegate.h */,
				43CB0C9919E1893D00B2012E /* AppDelegate.m */,
				43CB0C9B19E1893D00B2012E /* Main.storyboard */,
				43CB0C9E19E1893D00B2012E /* ViewController.h */,
				43CB0C9F19E1893D00B2012E /* ViewController.m */,
				43CB0CA119E1893D00B2012E /* Images.xcassets */,
				43CB0C9019E1893D00B2012E /* Supporting Files */,
			);
			path = CustomButtons;
			sourceTree = "<group>";
		};
		43CB0C9019E1893D00B2012E /* Supporting Files */ = {
			isa = PBXGroup;
			children = (
				43CB0C9119E1893D00B2012E /* CustomButtons-Info.plist */,
				43CB0C9219E1893D00B2012E /* InfoPlist.strings */,
				43CB0C9519E1893D00B2012E /* main.m */,
				43CB0C9719E1893D00B2012E /* CustomButtons-Prefix.pch */,
			);
			name = "Supporting Files";
			sourceTree = "<group>";
		};
		43CB0CAE19E1893D00B2012E /* CustomButtonsTests */ = {
			isa = PBXGroup;
			children = (
				43CB0CB419E1893D00B2012E /* CustomButtonsTests.m */,
				43CB0CAF19E1893D00B2012E /* Supporting Files */,
			);
			path = CustomButtonsTests;
			sourceTree = "<group>";
		};
		43CB0CAF19E1893D00B2012E /* Supporting Files */ = {
			isa = PBXGroup;
			children = (
				43CB0CB019E1893D00B2012E /* CustomButtonsTests-Info.plist */,
				43CB0CB119E1893D00B2012E /* InfoPlist.strings */,
			);
			name = "Supporting Files";
			sourceTree = "<group>";
		};
/* End PBXGroup section */

/* Begin PBXNativeTarget section */
		43CB0C8519E1893D00B2012E /* CustomButtons */ = {
			isa = PBXNativeTarget;
			buildConfigurationList = 43CB0CB819E1893D00B2012E /* Build configuration list for PBXNativeTarget "CustomButtons" */;
			buildPhases = (
				43CB0C8219E1893D00B2012E /* Sources */,
				43CB0C8319E1893D00B2012E /* Frameworks */,
				43CB0C8419E1893D00B2012E /* Resources */,
			);
			buildRules = (
			);
			dependencies = (
			);
			name = CustomButtons;
			productName = CustomButtons;
			productReference = 43CB0C8619E1893D00B2012E /* CustomButtons.app */;
			productType = "com.apple.product-type.application";
		};
		43CB0CA619E1893D00B2012E /* CustomButtonsTests */ = {
			isa = PBXNativeTarget;
			buildConfigurationList = 43CB0CBB19E1893D00B2012E /* Build configuration list for PBXNativeTarget "CustomButtonsTests" */;
			buildPhases = (
				43CB0CA319E1893D00B2012E /* Sources */,
				43CB0CA419E1893D00B2012E /* Frameworks */,
				43CB0CA519E1893D00B2012E /* Resources */,
			);
			buildRules = (
			);
			dependencies = (
				43CB0CAD19E1893D00B2012E /* PBXTargetDependency */,
			);
			name = CustomButtonsTests;
			productName = CustomButtonsTests;
			productReference = 43CB0CA719E1893D00B2012E /* CustomButtonsTests.xctest */;
			productType = "com.apple.product-type.bundle.unit-test";
		};
/* End PBXNativeTarget section */

/* Begin PBXProject section */
		43CB0C7E19E1893D00B2012E /* Project object */ = {
			isa = PBXProject;
			attributes = {
				LastUpgradeCheck = 0510;
				ORGANIZATIONNAME = "Black Rail Capital";
				TargetAttributes = {
					43CB0CA619E1893D00B2012E = {
						TestTargetID = 43CB0C8519E1893D00B2012E;
					};
				};
			};
			buildConfigurationList = 43CB0C8119E1893D00B2012E /* Build configuration list for PBXProject "CustomButtons" */;
			compatibilityVersion = "Xcode 3.2";
			developmentRegion = English;
			hasScannedForEncodings = 0;
			knownRegions = (
				en,
				Base,
			);
			mainGroup = 43CB0C7D19E1893D00B2012E;
			productRefGroup = 43CB0C8719E1893D00B2012E /* Products */;
			projectDirPath = "";
			projectRoot = "";
			targets = (
				43CB0C8519E1893D00B2012E /* CustomButtons */,
				43CB0CA619E1893D00B2012E /* CustomButtonsTests */,
			);
		};
/* End PBXProject section */

/* Begin PBXResourcesBuildPhase section */
		43CB0C8419E1893D00B2012E /* Resources */ = {
			isa = PBXResourcesBuildPhase;
			buildActionMask = 2147483647;
			files = (
				43CB0CA219E1893D00B2012E /* Images.xcassets in Resources */,
				43CB0C9419E1893D00B2012E /* InfoPlist.strings in Resources */,
				43CB0C9D19E1893D00B2012E /* Main.storyboard in Resources */,
			);
			runOnlyForDeploymentPostprocessing = 0;
		};
		43CB0CA519E1893D00B2012E /* Resources */ = {
			isa = PBXResourcesBuildPhase;
			buildActionMask = 2147483647;
			files = (
				43CB0CB319E1893D00B2012E /* InfoPlist.strings in Resources */,
			);
			runOnlyForDeploymentPostprocessing = 0;
		};
/* End PBXResourcesBuildPhase section */

/* Begin PBXSourcesBuildPhase section */
		43CB0C8219E1893D00B2012E /* Sources */ = {
			isa = PBXSourcesBuildPhase;
			buildActionMask = 2147483647;
			files = (
				43CB0CA019E1893D00B2012E /* ViewController.m in Sources */,
				43CB0C9A19E1893D00B2012E /* AppDelegate.m in Sources */,
				43CB0C9619E1893D00B2012E /* main.m in Sources */,
			);
			runOnlyForDeploymentPostprocessing = 0;
		};
		43CB0CA319E1893D00B2012E /* Sources */ = {
			isa = PBXSourcesBuildPhase;
			buildActionMask = 2147483647;
			files = (
				43CB0CB519E1893D00B2012E /* CustomButtonsTests.m in Sources */,
			);
			runOnlyForDeploymentPostprocessing = 0;
		};
/* End PBXSourcesBuildPhase section */

/* Begin PBXTargetDependency section */
		43CB0CAD19E1893D00B2012E /* PBXTargetDependency */ = {
			isa = PBXTargetDependency;
			target = 43CB0C8519E1893D00B2012E /* CustomButtons */;
			targetProxy = 43CB0CAC19E1893D00B2012E /* PBXContainerItemProxy */;
		};
/* End PBXTargetDependency section */

/* Begin PBXVariantGroup section */
		43CB0C9219E1893D00B2012E /* InfoPlist.strings */ = {
			isa = PBXVariantGroup;
			children = (
				43CB0C9319E1893D00B2012E /* en */,
			);
			name = InfoPlist.strings;
			sourceTree = "<group>";
		};
		43CB0C9B19E1893D00B2012E /* Main.storyboard */ = {
			isa = PBXVariantGroup;
			children = (
				43CB0C9C19E1893D00B2012E /* Base */,
			);
			name = Main.storyboard;
			sourceTree = "<group>";
		};
		43CB0CB119E1893D00B2012E /* InfoPlist.strings */ = {
			isa = PBXVariantGroup;
			children = (
				43CB0CB219E1893D00B2012E /* en */,
			);
			name = InfoPlist.strings;
			sourceTree = "<group>";
		};
/* End PBXVariantGroup section */

/* Begin XCBuildConfiguration section */
		43CB0CB619E1893D00B2012E /* Debug */ = {
			isa = XCBuildConfiguration;
			buildSettings = {
				ALWAYS_SEARCH_USER_PATHS = NO;
				CLANG_CXX_LANGUAGE_STANDARD = "gnu++0x";
				CLANG_CXX_LIBRARY = "libc++";
				CLANG_ENABLE_MODULES = YES;
				CLANG_ENABLE_OBJC_ARC = YES;
				CLANG_WARN_BOOL_CONVERSION = YES;
				CLANG_WARN_CONSTANT_CONVERSION = YES;
				CLANG_WARN_DIRECT_OBJC_ISA_USAGE = YES_ERROR;
				CLANG_WARN_EMPTY_BODY = YES;
				CLANG_WARN_ENUM_CONVERSION = YES;
				CLANG_WARN_INT_CONVERSION = YES;
				CLANG_WARN_OBJC_ROOT_CLASS = YES_ERROR;
				CLANG_WARN__DUPLICATE_METHOD_MATCH = YES;
				"CODE_SIGN_IDENTITY[sdk=iphoneos*]" = "iPhone Developer";
				COPY_PHASE_STRIP = NO;
				GCC_C_LANGUAGE_STANDARD = gnu99;
				GCC_DYNAMIC_NO_PIC = NO;
				GCC_OPTIMIZATION_LEVEL = 0;
				GCC_PREPROCESSOR_DEFINITIONS = (
					"DEBUG=1",
					"$(inherited)",
				);
				GCC_SYMBOLS_PRIVATE_EXTERN = NO;
				GCC_WARN_64_TO_32_BIT_CONVERSION = YES;
				GCC_WARN_ABOUT_RETURN_TYPE = YES_ERROR;
				GCC_WARN_UNDECLARED_SELECTOR = YES;
				GCC_WARN_UNINITIALIZED_AUTOS = YES_AGGRESSIVE;
				GCC_WARN_UNUSED_FUNCTION = YES;
				GCC_WARN_UNUSED_VARIABLE = YES;
				IPHONEOS_DEPLOYMENT_TARGET = 7.1;
				ONLY_ACTIVE_ARCH = YES;
				SDKROOT = iphoneos;
			};
			name = Debug;
		};
		43CB0CB719E1893D00B2012E /* Release */ = {
			isa = XCBuildConfiguration;
			buildSettings = {
				ALWAYS_SEARCH_USER_PATHS = NO;
				CLANG_CXX_LANGUAGE_STANDARD = "gnu++0x";
				CLANG_CXX_LIBRARY = "libc++";
				CLANG_ENABLE_MODULES = YES;
				CLANG_ENABLE_OBJC_ARC = YES;
				CLANG_WARN_BOOL_CONVERSION = YES;
				CLANG_WARN_CONSTANT_CONVERSION = YES;
				CLANG_WARN_DIRECT_OBJC_ISA_USAGE = YES_ERROR;
				CLANG_WARN_EMPTY_BODY = YES;
				CLANG_WARN_ENUM_CONVERSION = YES;
				CLANG_WARN_INT_CONVERSION = YES;
				CLANG_WARN_OBJC_ROOT_CLASS = YES_ERROR;
				CLANG_WARN__DUPLICATE_METHOD_MATCH = YES;
				"CODE_SIGN_IDENTITY[sdk=iphoneos*]" = "iPhone Developer";
				COPY_PHASE_STRIP = YES;
				ENABLE_NS_ASSERTIONS = NO;
				GCC_C_LANGUAGE_STANDARD = gnu99;
				GCC_WARN_64_TO_32_BIT_CONVERSION = YES;
				GCC_WARN_ABOUT_RETURN_TYPE = YES_ERROR;
				GCC_WARN_UNDECLARED_SELECTOR = YES;
				GCC_WARN_UNINITIALIZED_AUTOS = YES_AGGRESSIVE;
				GCC_WARN_UNUSED_FUNCTION = YES;
				GCC_WARN_UNUSED_VARIABLE = YES;
				IPHONEOS_DEPLOYMENT_TARGET = 7.1;
				SDKROOT = iphoneos;
				VALIDATE_PRODUCT = YES;
			};
			name = Release;
		};
		43CB0CB919E1893D00B2012E /* Debug */ = {
			isa = XCBuildConfiguration;
			buildSettings = {
				ASSETCATALOG_COMPILER_APPICON_NAME = AppIcon;
				ASSETCATALOG_COMPILER_LAUNCHIMAGE_NAME = LaunchImage;
				GCC_PRECOMPILE_PREFIX_HEADER = YES;
				GCC_PREFIX_HEADER = "CustomButtons/CustomButtons-Prefix.pch";
				INFOPLIST_FILE = "CustomButtons/CustomButtons-Info.plist";
				PRODUCT_NAME = "$(TARGET_NAME)";
				WRAPPER_EXTENSION = app;
			};
			name = Debug;
		};
		43CB0CBA19E1893D00B2012E /* Release */ = {
			isa = XCBuildConfiguration;
			buildSettings = {
				ASSETCATALOG_COMPILER_APPICON_NAME = AppIcon;
				ASSETCATALOG_COMPILER_LAUNCHIMAGE_NAME = LaunchImage;
				GCC_PRECOMPILE_PREFIX_HEADER = YES;
				GCC_PREFIX_HEADER = "CustomButtons/CustomButtons-Prefix.pch";
				INFOPLIST_FILE = "CustomButtons/CustomButtons-Info.plist";
				PRODUCT_NAME = "$(TARGET_NAME)";
				WRAPPER_EXTENSION = app;
			};
			name = Release;
		};
		43CB0CBC19E1893D00B2012E /* Debug */ = {
			isa = XCBuildConfiguration;
			buildSettings = {
				BUNDLE_LOADER = "$(BUILT_PRODUCTS_DIR)/CustomButtons.app/CustomButtons";
				FRAMEWORK_SEARCH_PATHS = (
					"$(SDKROOT)/Developer/Library/Frameworks",
					"$(inherited)",
					"$(DEVELOPER_FRAMEWORKS_DIR)",
				);
				GCC_PRECOMPILE_PREFIX_HEADER = YES;
				GCC_PREFIX_HEADER = "CustomButtons/CustomButtons-Prefix.pch";
				GCC_PREPROCESSOR_DEFINITIONS = (
					"DEBUG=1",
					"$(inherited)",
				);
				INFOPLIST_FILE = "CustomButtonsTests/CustomButtonsTests-Info.plist";
				PRODUCT_NAME = "$(TARGET_NAME)";
				TEST_HOST = "$(BUNDLE_LOADER)";
				WRAPPER_EXTENSION = xctest;
			};
			name = Debug;
		};
		43CB0CBD19E1893D00B2012E /* Release */ = {
			isa = XCBuildConfiguration;
			buildSettings = {
				BUNDLE_LOADER = "$(BUILT_PRODUCTS_DIR)/CustomButtons.app/CustomButtons";
				FRAMEWORK_SEARCH_PATHS = (
					"$(SDKROOT)/Developer/Library/Frameworks",
					"$(inherited)",
					"$(DEVELOPER_FRAMEWORKS_DIR)",
				);
				GCC_PRECOMPILE_PREFIX_HEADER = YES;
				GCC_PREFIX_HEADER = "CustomButtons/CustomButtons-Prefix.pch";
				INFOPLIST_FILE = "CustomButtonsTests/CustomButtonsTests-Info.plist";
				PRODUCT_NAME = "$(TARGET_NAME)";
				TEST_HOST = "$(BUNDLE_LOADER)";
				WRAPPER_EXTENSION = xctest;
			};
			name = Release;
		};
/* End XCBuildConfiguration section */

/* Begin XCConfigurationList section */
		43CB0C8119E1893D00B2012E /* Build configuration list for PBXProject "CustomButtons" */ = {
			isa = XCConfigurationList;
			buildConfigurations = (
				43CB0CB619E1893D00B2012E /* Debug */,
				43CB0CB719E1893D00B2012E /* Release */,
			);
			defaultConfigurationIsVisible = 0;
			defaultConfigurationName = Release;
		};
		43CB0CB819E1893D00B2012E /* Build configuration list for PBXNativeTarget "CustomButtons" */ = {
			isa = XCConfigurationList;
			buildConfigurations = (
				43CB0CB919E1893D00B2012E /* Debug */,
				43CB0CBA19E1893D00B2012E /* Release */,
			);
			defaultConfigurationIsVisible = 0;
		};
		43CB0CBB19E1893D00B2012E /* Build configuration list for PBXNativeTarget "CustomButtonsTests" */ = {
			isa = XCConfigurationList;
			buildConfigurations = (
				43CB0CBC19E1893D00B2012E /* Debug */,
				43CB0CBD19E1893D00B2012E /* Release */,
			);
			defaultConfigurationIsVisible = 0;
		};
/* End XCConfigurationList section */
	};
	rootObject = 43CB0C7E19E1893D00B2012E /* Project object */;
}
